
Microsoft Visual Studio Solution File, Format Version 12.00
# Visual Studio Version 16
VisualStudioVersion = 16.0.30804.86
MinimumVisualStudioVersion = 10.0.40219.1
Project("{FAE04EC0-301F-11D3-BF4B-00C04F79EFBC}") = "Exercicio01", "Exercicio01\Exercicio01.csproj", "{19C91B40-C4F7-4671-AB95-38C9FF83D55F}"
EndProject
Global
	GlobalSection(SolutionConfigurationPlatforms) = preSolution
		Debug|Any CPU = Debug|Any CPU
		Release|Any CPU = Release|Any CPU
	EndGlobalSection
	GlobalSection(ProjectConfigurationPlatforms) = postSolution
		{19C91B40-C4F7-4671-AB95-38C9FF83D55F}.Debug|Any CPU.ActiveCfg = Debug|Any CPU
		{19C91B40-C4F7-4671-AB95-38C9FF83D55F}.Debug|Any CPU.Build.0 = Debug|Any CPU
		{19C91B40-C4F7-4671-AB95-38C9FF83D55F}.Release|Any CPU.ActiveCfg = Release|Any CPU
		{19C91B40-C4F7-4671-AB95-38C9FF83D55F}.Release|Any CPU.Build.0 = Release|Any CPU
	EndGlobalSection
	GlobalSection(SolutionProperties) = preSolution
		HideSolutionNode = FALSE
	EndGlobalSection
	GlobalSection(ExtensibilityGlobals) = postSolution
		SolutionGuid = {943C8DF7-8AB0-4988-AC01-44CE1753FB7C}
	EndGlobalSection
EndGlobal
