
Microsoft Visual Studio Solution File, Format Version 12.00
# Visual Studio Version 16
VisualStudioVersion = 16.0.30804.86
MinimumVisualStudioVersion = 10.0.40219.1
Project("{FAE04EC0-301F-11D3-BF4B-00C04F79EFBC}") = "Course", "Course\Course.csproj", "{09DF9434-A774-4DEB-8DE9-3FA7A6501E62}"
EndProject
Global
	GlobalSection(SolutionConfigurationPlatforms) = preSolution
		Debug|Any CPU = Debug|Any CPU
		Release|Any CPU = Release|Any CPU
	EndGlobalSection
	GlobalSection(ProjectConfigurationPlatforms) = postSolution
		{09DF9434-A774-4DEB-8DE9-3FA7A6501E62}.Debug|Any CPU.ActiveCfg = Debug|Any CPU
		{09DF9434-A774-4DEB-8DE9-3FA7A6501E62}.Debug|Any CPU.Build.0 = Debug|Any CPU
		{09DF9434-A774-4DEB-8DE9-3FA7A6501E62}.Release|Any CPU.ActiveCfg = Release|Any CPU
		{09DF9434-A774-4DEB-8DE9-3FA7A6501E62}.Release|Any CPU.Build.0 = Release|Any CPU
	EndGlobalSection
	GlobalSection(SolutionProperties) = preSolution
		HideSolutionNode = FALSE
	EndGlobalSection
	GlobalSection(ExtensibilityGlobals) = postSolution
		SolutionGuid = {04C030C9-68B5-4297-AEC7-43F28B33A787}
	EndGlobalSection
EndGlobal
