
Microsoft Visual Studio Solution File, Format Version 12.00
# Visual Studio Version 16
VisualStudioVersion = 16.0.30804.86
MinimumVisualStudioVersion = 10.0.40219.1
Project("{FAE04EC0-301F-11D3-BF4B-00C04F79EFBC}") = "Course02", "Course02\Course02.csproj", "{443C1279-92A6-47E6-87A8-77331AFE3562}"
EndProject
Global
	GlobalSection(SolutionConfigurationPlatforms) = preSolution
		Debug|Any CPU = Debug|Any CPU
		Release|Any CPU = Release|Any CPU
	EndGlobalSection
	GlobalSection(ProjectConfigurationPlatforms) = postSolution
		{443C1279-92A6-47E6-87A8-77331AFE3562}.Debug|Any CPU.ActiveCfg = Debug|Any CPU
		{443C1279-92A6-47E6-87A8-77331AFE3562}.Debug|Any CPU.Build.0 = Debug|Any CPU
		{443C1279-92A6-47E6-87A8-77331AFE3562}.Release|Any CPU.ActiveCfg = Release|Any CPU
		{443C1279-92A6-47E6-87A8-77331AFE3562}.Release|Any CPU.Build.0 = Release|Any CPU
	EndGlobalSection
	GlobalSection(SolutionProperties) = preSolution
		HideSolutionNode = FALSE
	EndGlobalSection
	GlobalSection(ExtensibilityGlobals) = postSolution
		SolutionGuid = {81FDCAC6-114E-465D-8B7E-F8659D10C46C}
	EndGlobalSection
EndGlobal
