
Microsoft Visual Studio Solution File, Format Version 12.00
# Visual Studio Version 16
VisualStudioVersion = 16.0.30717.126
MinimumVisualStudioVersion = 10.0.40219.1
Project("{FAE04EC0-301F-11D3-BF4B-00C04F79EFBC}") = "Banco", "Banco\Banco.csproj", "{88894732-7708-46B1-A57C-98C0A90C2C13}"
EndProject
Global
	GlobalSection(SolutionConfigurationPlatforms) = preSolution
		Debug|Any CPU = Debug|Any CPU
		Release|Any CPU = Release|Any CPU
	EndGlobalSection
	GlobalSection(ProjectConfigurationPlatforms) = postSolution
		{88894732-7708-46B1-A57C-98C0A90C2C13}.Debug|Any CPU.ActiveCfg = Debug|Any CPU
		{88894732-7708-46B1-A57C-98C0A90C2C13}.Debug|Any CPU.Build.0 = Debug|Any CPU
		{88894732-7708-46B1-A57C-98C0A90C2C13}.Release|Any CPU.ActiveCfg = Release|Any CPU
		{88894732-7708-46B1-A57C-98C0A90C2C13}.Release|Any CPU.Build.0 = Release|Any CPU
	EndGlobalSection
	GlobalSection(SolutionProperties) = preSolution
		HideSolutionNode = FALSE
	EndGlobalSection
	GlobalSection(ExtensibilityGlobals) = postSolution
		SolutionGuid = {8FFF8402-4D90-4F83-8639-EAA44F7969B1}
	EndGlobalSection
EndGlobal
